
Microsoft Visual Studio Solution File, Format Version 12.00
# Visual Studio Version 17
VisualStudioVersion = 17.9.34607.119
MinimumVisualStudioVersion = 10.0.40219.1
Project("{FAE04EC0-301F-11D3-BF4B-00C04F79EFBC}") = "myAuth", "myAuth\myAuth.csproj", "{67B353D9-60DE-4D24-985D-DA15A7158576}"
EndProject
Global
	GlobalSection(SolutionConfigurationPlatforms) = preSolution
		Debug|Any CPU = Debug|Any CPU
		Release|Any CPU = Release|Any CPU
	EndGlobalSection
	GlobalSection(ProjectConfigurationPlatforms) = postSolution
		{67B353D9-60DE-4D24-985D-DA15A7158576}.Debug|Any CPU.ActiveCfg = Debug|Any CPU
		{67B353D9-60DE-4D24-985D-DA15A7158576}.Debug|Any CPU.Build.0 = Debug|Any CPU
		{67B353D9-60DE-4D24-985D-DA15A7158576}.Release|Any CPU.ActiveCfg = Release|Any CPU
		{67B353D9-60DE-4D24-985D-DA15A7158576}.Release|Any CPU.Build.0 = Release|Any CPU
	EndGlobalSection
	GlobalSection(SolutionProperties) = preSolution
		HideSolutionNode = FALSE
	EndGlobalSection
	GlobalSection(ExtensibilityGlobals) = postSolution
		SolutionGuid = {75A62B40-4045-41D8-B9F4-5B76AE97EC60}
	EndGlobalSection
EndGlobal
